<?xml version="1.0" encoding="UTF-8" standalone="yes" ?>
<CodeBlocks_project_file>
	<FileVersion major="1" minor="6" />
	<Project>
		<Option title="framework" />
		<Option pch_mode="2" />
		<Option compiler="gcc" />
		<Build>
			<Target title="Release">
				<Option platforms="Unix;" />
				<Option output="bin/Release/framework" prefix_auto="1" extension_auto="1" />
				<Option working_dir="" />
				<Option object_output="obj/Release/" />
				<Option type="2" />
				<Option compiler="gcc" />
				<Compiler>
					<Add option="-O2" />
				</Compiler>
				<Linker>
					<Add option="-s" />
				</Linker>
			</Target>
			<Target title="tests">
				<Option output="bin/tests" prefix_auto="1" extension_auto="1" />
				<Option object_output="obj" />
				<Option type="1" />
				<Option compiler="gcc" />
				<Option use_console_runner="0" />
				<Compiler>
					<Add directory="src" />
				</Compiler>
			</Target>
		</Build>
		<Compiler>
			<Add option="-Wswitch-default" />
			<Add option="-Weffc++" />
			<Add option="-pedantic" />
			<Add option="-Wall" />
			<Add option="-std=c++11" />
			<Add option="`sdl2-config --cflags`" />
			<Add option="`pkg-config --cflags gtk+-2.0 gmodule-2.0`" />
			<Add option="-D__LINUX_ALSA__" />
			<Add directory="../simloidTCP/src" />
			<Add directory="../framework/src" />
		</Compiler>
		<Linker>
			<Add option="`sdl2-config --libs`" />
			<Add option="`pkg-config --libs gtk+-2.0 gmodule-2.0`" />
			<Add library="SDL2" />
			<Add library="GL" />
			<Add library="GLU" />
			<Add library="glut" />
			<Add library="asound" />
			<Add library="pthread" />
		</Linker>
		<Unit filename="src/common/application_interface.h">
			<Option target="Release" />
		</Unit>
		<Unit filename="src/common/basic.cpp">
			<Option target="Release" />
		</Unit>
		<Unit filename="src/common/basic.h">
			<Option target="Release" />
		</Unit>
		<Unit filename="src/common/callbacks.cpp">
			<Option target="Release" />
		</Unit>
		<Unit filename="src/common/callbacks.h">
			<Option target="Release" />
		</Unit>
		<Unit filename="src/common/config.cpp">
			<Option target="Release" />
		</Unit>
		<Unit filename="src/common/config.h">
			<Option target="Release" />
		</Unit>
		<Unit filename="src/common/datareader.h">
			<Option target="Release" />
		</Unit>
		<Unit filename="src/common/event_manager.cpp">
			<Option target="Release" />
		</Unit>
		<Unit filename="src/common/event_manager.h">
			<Option target="Release" />
		</Unit>
		<Unit filename="src/common/file_io.h">
			<Option target="Release" />
		</Unit>
		<Unit filename="src/common/globalflag.h">
			<Option target="Release" />
		</Unit>
		<Unit filename="src/common/graph.cpp">
			<Option target="Release" />
		</Unit>
		<Unit filename="src/common/graph.h">
			<Option target="Release" />
		</Unit>
		<Unit filename="src/common/gui.cpp">
			<Option target="Release" />
		</Unit>
		<Unit filename="src/common/gui.h">
			<Option target="Release" />
		</Unit>
		<Unit filename="src/common/incremental_average.h" />
		<Unit filename="src/common/integrator.h">
			<Option target="Release" />
		</Unit>
		<Unit filename="src/common/lock.h">
			<Option target="Release" />
		</Unit>
		<Unit filename="src/common/log_messages.cpp">
			<Option target="Release" />
		</Unit>
		<Unit filename="src/common/log_messages.h">
			<Option target="Release" />
		</Unit>
		<Unit filename="src/common/logfile.cpp">
			<Option target="Release" />
		</Unit>
		<Unit filename="src/common/logfile.h">
			<Option target="Release" />
		</Unit>
		<Unit filename="src/common/misc.cpp">
			<Option target="Release" />
		</Unit>
		<Unit filename="src/common/misc.h">
			<Option target="Release" />
		</Unit>
		<Unit filename="src/common/modules.cpp" />
		<Unit filename="src/common/modules.h" />
		<Unit filename="src/common/noncopyable.h">
			<Option target="Release" />
		</Unit>
		<Unit filename="src/common/robot_conf.cpp">
			<Option target="Release" />
		</Unit>
		<Unit filename="src/common/robot_conf.h">
			<Option target="Release" />
		</Unit>
		<Unit filename="src/common/settings.cpp">
			<Option target="Release" />
		</Unit>
		<Unit filename="src/common/settings.h">
			<Option target="Release" />
		</Unit>
		<Unit filename="src/common/setup.cpp">
			<Option target="Release" />
		</Unit>
		<Unit filename="src/common/setup.h">
			<Option target="Release" />
		</Unit>
		<Unit filename="src/common/socket_client.cpp">
			<Option target="Release" />
		</Unit>
		<Unit filename="src/common/socket_client.h">
			<Option target="Release" />
		</Unit>
		<Unit filename="src/common/static_vector.h">
			<Option target="Release" />
		</Unit>
		<Unit filename="src/common/stopwatch.h">
			<Option target="Release" />
		</Unit>
		<Unit filename="src/common/vector.cpp">
			<Option target="Release" />
		</Unit>
		<Unit filename="src/common/vector.h">
			<Option target="Release" />
		</Unit>
		<Unit filename="src/common/vector2.h">
			<Option target="Release" />
		</Unit>
		<Unit filename="src/common/vector_n.h">
			<Option target="Release" />
		</Unit>
		<Unit filename="src/common/visuals.h">
			<Option target="Release" />
		</Unit>
		<Unit filename="src/control/behavior_state_machine.h">
			<Option target="Release" />
		</Unit>
		<Unit filename="src/control/controlparameter.cpp">
			<Option target="Release" />
		</Unit>
		<Unit filename="src/control/controlparameter.h">
			<Option target="Release" />
		</Unit>
		<Unit filename="src/control/csl.h">
			<Option target="Release" />
		</Unit>
		<Unit filename="src/control/jointcontrol.cpp">
			<Option target="Release" />
		</Unit>
		<Unit filename="src/control/jointcontrol.h">
			<Option target="Release" />
		</Unit>
		<Unit filename="src/control/jointcontrol_graphics.h">
			<Option target="Release" />
		</Unit>
		<Unit filename="src/control/jointcontroller.cpp">
			<Option target="Release" />
		</Unit>
		<Unit filename="src/control/jointcontroller.h">
			<Option target="Release" />
		</Unit>
		<Unit filename="src/control/pidcontrol.h">
			<Option target="Release" />
		</Unit>
		<Unit filename="src/control/positioncontrol.h">
			<Option target="Release" />
		</Unit>
		<Unit filename="src/control/spaces.h">
			<Option target="Release" />
		</Unit>
		<Unit filename="src/control/statemachine.h">
			<Option target="Release" />
		</Unit>
		<Unit filename="src/draw/axes.cpp">
			<Option target="Release" />
		</Unit>
		<Unit filename="src/draw/axes.h">
			<Option target="Release" />
		</Unit>
		<Unit filename="src/draw/axes3D.cpp">
			<Option target="Release" />
		</Unit>
		<Unit filename="src/draw/axes3D.h">
			<Option target="Release" />
		</Unit>
		<Unit filename="src/draw/color_table.h">
			<Option target="Release" />
		</Unit>
		<Unit filename="src/draw/display.cpp">
			<Option target="Release" />
		</Unit>
		<Unit filename="src/draw/display.h">
			<Option target="Release" />
		</Unit>
		<Unit filename="src/draw/draw.cpp">
			<Option target="Release" />
		</Unit>
		<Unit filename="src/draw/draw.h">
			<Option target="Release" />
		</Unit>
		<Unit filename="src/draw/graphics.h">
			<Option target="Release" />
		</Unit>
		<Unit filename="src/draw/network2D.cpp">
			<Option target="Release" />
		</Unit>
		<Unit filename="src/draw/network2D.h">
			<Option target="Release" />
		</Unit>
		<Unit filename="src/draw/network3D.cpp">
			<Option target="Release" />
		</Unit>
		<Unit filename="src/draw/network3D.h">
			<Option target="Release" />
		</Unit>
		<Unit filename="src/draw/plot1D.cpp">
			<Option target="Release" />
		</Unit>
		<Unit filename="src/draw/plot1D.h">
			<Option target="Release" />
		</Unit>
		<Unit filename="src/draw/plot2D.cpp">
			<Option target="Release" />
		</Unit>
		<Unit filename="src/draw/plot2D.h">
			<Option target="Release" />
		</Unit>
		<Unit filename="src/draw/plot3D.cpp">
			<Option target="Release" />
		</Unit>
		<Unit filename="src/draw/plot3D.h">
			<Option target="Release" />
		</Unit>
		<Unit filename="src/evolution/evaluation_interface.h">
			<Option target="Release" />
		</Unit>
		<Unit filename="src/evolution/evolution.cpp">
			<Option target="Release" />
		</Unit>
		<Unit filename="src/evolution/evolution.h">
			<Option target="Release" />
		</Unit>
		<Unit filename="src/evolution/evolution_strategy.h">
			<Option target="Release" />
		</Unit>
		<Unit filename="src/evolution/fitness.cpp">
			<Option target="Release" />
		</Unit>
		<Unit filename="src/evolution/fitness.h">
			<Option target="Release" />
		</Unit>
		<Unit filename="src/evolution/generation_based_strategy.cpp">
			<Option target="Release" />
		</Unit>
		<Unit filename="src/evolution/generation_based_strategy.h">
			<Option target="Release" />
		</Unit>
		<Unit filename="src/evolution/individual.cpp">
			<Option target="Release" />
		</Unit>
		<Unit filename="src/evolution/individual.h">
			<Option target="Release" />
		</Unit>
		<Unit filename="src/evolution/micro_evolution.h">
			<Option target="Release" />
		</Unit>
		<Unit filename="src/evolution/pool_strategy.cpp">
			<Option target="Release" />
		</Unit>
		<Unit filename="src/evolution/pool_strategy.h">
			<Option target="Release" />
		</Unit>
		<Unit filename="src/evolution/population.cpp">
			<Option target="Release" />
		</Unit>
		<Unit filename="src/evolution/population.h">
			<Option target="Release" />
		</Unit>
		<Unit filename="src/evolution/setting.cpp">
			<Option target="Release" />
		</Unit>
		<Unit filename="src/evolution/setting.h">
			<Option target="Release" />
		</Unit>
		<Unit filename="src/learning/action_module.h">
			<Option target="Release" />
		</Unit>
		<Unit filename="src/learning/action_selection.cpp">
			<Option target="Release" />
		</Unit>
		<Unit filename="src/learning/action_selection.h">
			<Option target="Release" />
		</Unit>
		<Unit filename="src/learning/boltzmann_softmax.h">
			<Option target="Release" />
		</Unit>
		<Unit filename="src/learning/competitive_motor_layer.h">
			<Option target="Release" />
		</Unit>
		<Unit filename="src/learning/competitive_motor_layer_graphics.h">
			<Option target="Release" />
		</Unit>
		<Unit filename="src/learning/delayline.cpp">
			<Option target="Release" />
		</Unit>
		<Unit filename="src/learning/delayline.h">
			<Option target="Release" />
		</Unit>
		<Unit filename="src/learning/eigenzeit.h">
			<Option target="Release" />
		</Unit>
		<Unit filename="src/learning/eligibility.h">
			<Option target="Release" />
		</Unit>
		<Unit filename="src/learning/epsilon_greedy.h" />
		<Unit filename="src/learning/expert.h">
			<Option target="Release" />
		</Unit>
		<Unit filename="src/learning/forcefield.h">
			<Option target="Release" />
		</Unit>
		<Unit filename="src/learning/gmes.h">
			<Option target="Release" />
		</Unit>
		<Unit filename="src/learning/gmes_constants.h">
			<Option target="Release" />
		</Unit>
		<Unit filename="src/learning/gmes_graphics.h">
			<Option target="Release" />
		</Unit>
		<Unit filename="src/learning/payload.h">
			<Option target="Release" />
		</Unit>
		<Unit filename="src/learning/payload_graphics.h">
			<Option target="Release" />
		</Unit>
		<Unit filename="src/learning/predictor.h">
			<Option target="Release" />
		</Unit>
		<Unit filename="src/learning/predictor_graphics.h">
			<Option target="Release" />
		</Unit>
		<Unit filename="src/learning/q_function.h">
			<Option target="Release" />
		</Unit>
		<Unit filename="src/learning/reinforcement_learning.h">
			<Option target="Release" />
		</Unit>
		<Unit filename="src/learning/reward.h">
			<Option target="Release" />
		</Unit>
		<Unit filename="src/learning/rl.cpp">
			<Option target="Release" />
		</Unit>
		<Unit filename="src/learning/rl.h">
			<Option target="Release" />
		</Unit>
		<Unit filename="src/learning/sarsa.h">
			<Option target="Release" />
		</Unit>
		<Unit filename="src/learning/sarsa_constants.h">
			<Option target="Release" />
		</Unit>
		<Unit filename="src/learning/sarsa_graphics.h">
			<Option target="Release" />
		</Unit>
		<Unit filename="src/learning/sensorspace.h">
			<Option target="Release" />
		</Unit>
		<Unit filename="src/midi/RtMidi.cpp">
			<Option target="Release" />
		</Unit>
		<Unit filename="src/midi/RtMidi.h">
			<Option target="Release" />
		</Unit>
		<Unit filename="src/midi/midi_in.h">
			<Option target="Release" />
		</Unit>
		<Unit filename="src/robots/accel.h">
			<Option target="Release" />
		</Unit>
		<Unit filename="src/robots/joint.h">
			<Option target="Release" />
		</Unit>
		<Unit filename="src/robots/pole.cpp">
			<Option target="Release" />
		</Unit>
		<Unit filename="src/robots/pole.h">
			<Option target="Release" />
		</Unit>
		<Unit filename="src/robots/robot.h">
			<Option target="Release" />
		</Unit>
		<Unit filename="src/robots/simloid.cpp">
			<Option target="Release" />
		</Unit>
		<Unit filename="src/robots/simloid.h">
			<Option target="Release" />
		</Unit>
		<Unit filename="src/robots/simloid_graphics.h">
			<Option target="Release" />
		</Unit>
		<Unit filename="src/robots/spinalcord_watch.h">
			<Option target="Release" />
		</Unit>
		<Unit filename="src/tests/catch.hpp">
			<Option target="tests" />
		</Unit>
		<Unit filename="src/tests/learning.cpp">
			<Option target="tests" />
		</Unit>
		<Unit filename="src/tests/main.cpp">
			<Option target="tests" />
		</Unit>
		<Extensions>
			<code_completion />
			<debugger />
			<envvars />
		</Extensions>
	</Project>
</CodeBlocks_project_file>
